// !$*UTF8*$!
{
	archiveVersion = 1;
	classes = {
	};
	objectVersion = 51;
	objects = {

/* Begin PBXBuildFile section */
		0FBE48A894C723987B7E4616 /* libPods-Howdy ImgurUITests.a in Frameworks */ = {isa = PBXBuildFile; fileRef = E8574C53153B926630B2EF98 /* libPods-Howdy ImgurUITests.a */; };
		3D11FE27232B7A63003F2414 /* AppDelegate.swift in Sources */ = {isa = PBXBuildFile; fileRef = 3D11FE26232B7A63003F2414 /* AppDelegate.swift */; };
		3D11FE2C232B7A63003F2414 /* Home.storyboard in Resources */ = {isa = PBXBuildFile; fileRef = 3D11FE2A232B7A63003F2414 /* Home.storyboard */; };
		3D11FE2F232B7A63003F2414 /* Howdy_Imgur.xcdatamodeld in Sources */ = {isa = PBXBuildFile; fileRef = 3D11FE2D232B7A63003F2414 /* Howdy_Imgur.xcdatamodeld */; };
		3D11FE31232B7A64003F2414 /* Assets.xcassets in Resources */ = {isa = PBXBuildFile; fileRef = 3D11FE30232B7A64003F2414 /* Assets.xcassets */; };
		3D11FE34232B7A64003F2414 /* LaunchScreen.storyboard in Resources */ = {isa = PBXBuildFile; fileRef = 3D11FE32232B7A64003F2414 /* LaunchScreen.storyboard */; };
		3D11FE3F232B7A64003F2414 /* Howdy_ImgurTests.swift in Sources */ = {isa = PBXBuildFile; fileRef = 3D11FE3E232B7A64003F2414 /* Howdy_ImgurTests.swift */; };
		3D11FE4A232B7A64003F2414 /* Howdy_ImgurUITests.swift in Sources */ = {isa = PBXBuildFile; fileRef = 3D11FE49232B7A64003F2414 /* Howdy_ImgurUITests.swift */; };
		3D11FE62232B9B9A003F2414 /* Endpoint.swift in Sources */ = {isa = PBXBuildFile; fileRef = 3D11FE61232B9B9A003F2414 /* Endpoint.swift */; };
		3D11FE64232B9C66003F2414 /* HTTPMethod.swift in Sources */ = {isa = PBXBuildFile; fileRef = 3D11FE63232B9C66003F2414 /* HTTPMethod.swift */; };
		3D11FE68232B9D67003F2414 /* URLRequest.swift in Sources */ = {isa = PBXBuildFile; fileRef = 3D11FE67232B9D67003F2414 /* URLRequest.swift */; };
		3D11FE6B232BA1A4003F2414 /* ImgurConstants.swift in Sources */ = {isa = PBXBuildFile; fileRef = 3D11FE6A232BA1A4003F2414 /* ImgurConstants.swift */; };
		3D11FE6F232BBB40003F2414 /* APIResponse.swift in Sources */ = {isa = PBXBuildFile; fileRef = 3D11FE6E232BBB40003F2414 /* APIResponse.swift */; };
		3D11FE72232BBC4A003F2414 /* BaseAPIManager.swift in Sources */ = {isa = PBXBuildFile; fileRef = 3D11FE71232BBC4A003F2414 /* BaseAPIManager.swift */; };
		3D11FE74232BCAB2003F2414 /* ImgurAPIManager.swift in Sources */ = {isa = PBXBuildFile; fileRef = 3D11FE73232BCAB2003F2414 /* ImgurAPIManager.swift */; };
		3D11FE78232BCDD5003F2414 /* Gallery.swift in Sources */ = {isa = PBXBuildFile; fileRef = 3D11FE77232BCDD5003F2414 /* Gallery.swift */; };
		3D11FE7A232BE5C2003F2414 /* Image.swift in Sources */ = {isa = PBXBuildFile; fileRef = 3D11FE79232BE5C2003F2414 /* Image.swift */; };
		3D11FE7C232BE6B1003F2414 /* Tags.swift in Sources */ = {isa = PBXBuildFile; fileRef = 3D11FE7B232BE6B1003F2414 /* Tags.swift */; };
		3D11FE83232C108A003F2414 /* HomeViewController.swift in Sources */ = {isa = PBXBuildFile; fileRef = 3D11FE82232C108A003F2414 /* HomeViewController.swift */; };
		3D11FE87232C1962003F2414 /* ShadowView.swift in Sources */ = {isa = PBXBuildFile; fileRef = 3D11FE86232C1962003F2414 /* ShadowView.swift */; };
		3D11FE89232C1ACE003F2414 /* UITextField.swift in Sources */ = {isa = PBXBuildFile; fileRef = 3D11FE88232C1ACE003F2414 /* UITextField.swift */; };
		3D11FE8C232C21EE003F2414 /* lato in Resources */ = {isa = PBXBuildFile; fileRef = 3D11FE8B232C21EE003F2414 /* lato */; };
		3D11FE8E232CB54B003F2414 /* UIView.swift in Sources */ = {isa = PBXBuildFile; fileRef = 3D11FE8D232CB54B003F2414 /* UIView.swift */; };
		3D11FE90232CC0D6003F2414 /* UIStoryboard.swift in Sources */ = {isa = PBXBuildFile; fileRef = 3D11FE8F232CC0D6003F2414 /* UIStoryboard.swift */; };
		3D11FE92232CC520003F2414 /* UIViewController.swift in Sources */ = {isa = PBXBuildFile; fileRef = 3D11FE91232CC520003F2414 /* UIViewController.swift */; };
		3D11FE99232CD71A003F2414 /* HomeViewRouter.swift in Sources */ = {isa = PBXBuildFile; fileRef = 3D11FE98232CD71A003F2414 /* HomeViewRouter.swift */; };
		3D11FE9C232CD74F003F2414 /* HomeViewProtocols.swift in Sources */ = {isa = PBXBuildFile; fileRef = 3D11FE9B232CD74F003F2414 /* HomeViewProtocols.swift */; };
		3D11FE9F232CDCE3003F2414 /* HomeViewPresenter.swift in Sources */ = {isa = PBXBuildFile; fileRef = 3D11FE9E232CDCE3003F2414 /* HomeViewPresenter.swift */; };
		3D11FEA2232CEBF7003F2414 /* HomeViewInteractor.swift in Sources */ = {isa = PBXBuildFile; fileRef = 3D11FEA1232CEBF7003F2414 /* HomeViewInteractor.swift */; };
		3D11FEA5232D02BB003F2414 /* GalleryImageTableViewCell.swift in Sources */ = {isa = PBXBuildFile; fileRef = 3D11FEA4232D02BB003F2414 /* GalleryImageTableViewCell.swift */; };
		3D11FEA7232D0905003F2414 /* UITableViewCell.swift in Sources */ = {isa = PBXBuildFile; fileRef = 3D11FEA6232D0905003F2414 /* UITableViewCell.swift */; };
		3D11FEAD232DE1E4003F2414 /* Double.swift in Sources */ = {isa = PBXBuildFile; fileRef = 3D11FEAC232DE1E4003F2414 /* Double.swift */; };
		952149A0E901EBF1890328D1 /* libPods-Howdy ImgurTests.a in Frameworks */ = {isa = PBXBuildFile; fileRef = 95941CC58F2B8A8A3F42980A /* libPods-Howdy ImgurTests.a */; };
		E8812F9183B7D492646EE521 /* libPods-Howdy Imgur.a in Frameworks */ = {isa = PBXBuildFile; fileRef = 569CA651F600F4134D58A715 /* libPods-Howdy Imgur.a */; };
/* End PBXBuildFile section */

/* Begin PBXContainerItemProxy section */
		3D11FE3B232B7A64003F2414 /* PBXContainerItemProxy */ = {
			isa = PBXContainerItemProxy;
			containerPortal = 3D11FE1B232B7A63003F2414 /* Project object */;
			proxyType = 1;
			remoteGlobalIDString = 3D11FE22232B7A63003F2414;
			remoteInfo = "Howdy Imgur";
		};
		3D11FE46232B7A64003F2414 /* PBXContainerItemProxy */ = {
			isa = PBXContainerItemProxy;
			containerPortal = 3D11FE1B232B7A63003F2414 /* Project object */;
			proxyType = 1;
			remoteGlobalIDString = 3D11FE22232B7A63003F2414;
			remoteInfo = "Howdy Imgur";
		};
/* End PBXContainerItemProxy section */

/* Begin PBXFileReference section */
		3D11FE23232B7A63003F2414 /* Howdy Imgur.app */ = {isa = PBXFileReference; explicitFileType = wrapper.application; includeInIndex = 0; path = "Howdy Imgur.app"; sourceTree = BUILT_PRODUCTS_DIR; };
		3D11FE26232B7A63003F2414 /* AppDelegate.swift */ = {isa = PBXFileReference; lastKnownFileType = sourcecode.swift; path = AppDelegate.swift; sourceTree = "<group>"; };
		3D11FE2B232B7A63003F2414 /* Base */ = {isa = PBXFileReference; lastKnownFileType = file.storyboard; name = Base; path = Base.lproj/Home.storyboard; sourceTree = "<group>"; };
		3D11FE2E232B7A63003F2414 /* Howdy_Imgur.xcdatamodel */ = {isa = PBXFileReference; lastKnownFileType = wrapper.xcdatamodel; path = Howdy_Imgur.xcdatamodel; sourceTree = "<group>"; };
		3D11FE30232B7A64003F2414 /* Assets.xcassets */ = {isa = PBXFileReference; lastKnownFileType = folder.assetcatalog; path = Assets.xcassets; sourceTree = "<group>"; };
		3D11FE33232B7A64003F2414 /* Base */ = {isa = PBXFileReference; lastKnownFileType = file.storyboard; name = Base; path = Base.lproj/LaunchScreen.storyboard; sourceTree = "<group>"; };
		3D11FE35232B7A64003F2414 /* Info.plist */ = {isa = PBXFileReference; lastKnownFileType = text.plist.xml; path = Info.plist; sourceTree = "<group>"; };
		3D11FE3A232B7A64003F2414 /* Howdy ImgurTests.xctest */ = {isa = PBXFileReference; explicitFileType = wrapper.cfbundle; includeInIndex = 0; path = "Howdy ImgurTests.xctest"; sourceTree = BUILT_PRODUCTS_DIR; };
		3D11FE3E232B7A64003F2414 /* Howdy_ImgurTests.swift */ = {isa = PBXFileReference; lastKnownFileType = sourcecode.swift; path = Howdy_ImgurTests.swift; sourceTree = "<group>"; };
		3D11FE40232B7A64003F2414 /* Info.plist */ = {isa = PBXFileReference; lastKnownFileType = text.plist.xml; path = Info.plist; sourceTree = "<group>"; };
		3D11FE45232B7A64003F2414 /* Howdy ImgurUITests.xctest */ = {isa = PBXFileReference; explicitFileType = wrapper.cfbundle; includeInIndex = 0; path = "Howdy ImgurUITests.xctest"; sourceTree = BUILT_PRODUCTS_DIR; };
		3D11FE49232B7A64003F2414 /* Howdy_ImgurUITests.swift */ = {isa = PBXFileReference; lastKnownFileType = sourcecode.swift; path = Howdy_ImgurUITests.swift; sourceTree = "<group>"; };
		3D11FE4B232B7A64003F2414 /* Info.plist */ = {isa = PBXFileReference; lastKnownFileType = text.plist.xml; path = Info.plist; sourceTree = "<group>"; };
		3D11FE61232B9B9A003F2414 /* Endpoint.swift */ = {isa = PBXFileReference; lastKnownFileType = sourcecode.swift; path = Endpoint.swift; sourceTree = "<group>"; };
		3D11FE63232B9C66003F2414 /* HTTPMethod.swift */ = {isa = PBXFileReference; lastKnownFileType = sourcecode.swift; path = HTTPMethod.swift; sourceTree = "<group>"; };
		3D11FE67232B9D67003F2414 /* URLRequest.swift */ = {isa = PBXFileReference; lastKnownFileType = sourcecode.swift; path = URLRequest.swift; sourceTree = "<group>"; };
		3D11FE6A232BA1A4003F2414 /* ImgurConstants.swift */ = {isa = PBXFileReference; lastKnownFileType = sourcecode.swift; path = ImgurConstants.swift; sourceTree = "<group>"; };
		3D11FE6E232BBB40003F2414 /* APIResponse.swift */ = {isa = PBXFileReference; lastKnownFileType = sourcecode.swift; path = APIResponse.swift; sourceTree = "<group>"; };
		3D11FE71232BBC4A003F2414 /* BaseAPIManager.swift */ = {isa = PBXFileReference; lastKnownFileType = sourcecode.swift; path = BaseAPIManager.swift; sourceTree = "<group>"; };
		3D11FE73232BCAB2003F2414 /* ImgurAPIManager.swift */ = {isa = PBXFileReference; lastKnownFileType = sourcecode.swift; path = ImgurAPIManager.swift; sourceTree = "<group>"; };
		3D11FE77232BCDD5003F2414 /* Gallery.swift */ = {isa = PBXFileReference; lastKnownFileType = sourcecode.swift; path = Gallery.swift; sourceTree = "<group>"; };
		3D11FE79232BE5C2003F2414 /* Image.swift */ = {isa = PBXFileReference; lastKnownFileType = sourcecode.swift; path = Image.swift; sourceTree = "<group>"; };
		3D11FE7B232BE6B1003F2414 /* Tags.swift */ = {isa = PBXFileReference; lastKnownFileType = sourcecode.swift; path = Tags.swift; sourceTree = "<group>"; };
		3D11FE82232C108A003F2414 /* HomeViewController.swift */ = {isa = PBXFileReference; lastKnownFileType = sourcecode.swift; path = HomeViewController.swift; sourceTree = "<group>"; };
		3D11FE86232C1962003F2414 /* ShadowView.swift */ = {isa = PBXFileReference; lastKnownFileType = sourcecode.swift; path = ShadowView.swift; sourceTree = "<group>"; };
		3D11FE88232C1ACE003F2414 /* UITextField.swift */ = {isa = PBXFileReference; lastKnownFileType = sourcecode.swift; path = UITextField.swift; sourceTree = "<group>"; };
		3D11FE8B232C21EE003F2414 /* lato */ = {isa = PBXFileReference; lastKnownFileType = folder; path = lato; sourceTree = "<group>"; };
		3D11FE8D232CB54B003F2414 /* UIView.swift */ = {isa = PBXFileReference; lastKnownFileType = sourcecode.swift; path = UIView.swift; sourceTree = "<group>"; };
		3D11FE8F232CC0D6003F2414 /* UIStoryboard.swift */ = {isa = PBXFileReference; lastKnownFileType = sourcecode.swift; path = UIStoryboard.swift; sourceTree = "<group>"; };
		3D11FE91232CC520003F2414 /* UIViewController.swift */ = {isa = PBXFileReference; lastKnownFileType = sourcecode.swift; path = UIViewController.swift; sourceTree = "<group>"; };
		3D11FE98232CD71A003F2414 /* HomeViewRouter.swift */ = {isa = PBXFileReference; lastKnownFileType = sourcecode.swift; path = HomeViewRouter.swift; sourceTree = "<group>"; };
		3D11FE9B232CD74F003F2414 /* HomeViewProtocols.swift */ = {isa = PBXFileReference; lastKnownFileType = sourcecode.swift; path = HomeViewProtocols.swift; sourceTree = "<group>"; };
		3D11FE9E232CDCE3003F2414 /* HomeViewPresenter.swift */ = {isa = PBXFileReference; lastKnownFileType = sourcecode.swift; path = HomeViewPresenter.swift; sourceTree = "<group>"; };
		3D11FEA1232CEBF7003F2414 /* HomeViewInteractor.swift */ = {isa = PBXFileReference; lastKnownFileType = sourcecode.swift; path = HomeViewInteractor.swift; sourceTree = "<group>"; };
		3D11FEA4232D02BB003F2414 /* GalleryImageTableViewCell.swift */ = {isa = PBXFileReference; lastKnownFileType = sourcecode.swift; path = GalleryImageTableViewCell.swift; sourceTree = "<group>"; };
		3D11FEA6232D0905003F2414 /* UITableViewCell.swift */ = {isa = PBXFileReference; lastKnownFileType = sourcecode.swift; path = UITableViewCell.swift; sourceTree = "<group>"; };
		3D11FEAC232DE1E4003F2414 /* Double.swift */ = {isa = PBXFileReference; lastKnownFileType = sourcecode.swift; path = Double.swift; sourceTree = "<group>"; };
		569CA651F600F4134D58A715 /* libPods-Howdy Imgur.a */ = {isa = PBXFileReference; explicitFileType = archive.ar; includeInIndex = 0; path = "libPods-Howdy Imgur.a"; sourceTree = BUILT_PRODUCTS_DIR; };
		5931524E63D0CEABD4D6C0DE /* Pods-Howdy ImgurTests.debug.xcconfig */ = {isa = PBXFileReference; includeInIndex = 1; lastKnownFileType = text.xcconfig; name = "Pods-Howdy ImgurTests.debug.xcconfig"; path = "Target Support Files/Pods-Howdy ImgurTests/Pods-Howdy ImgurTests.debug.xcconfig"; sourceTree = "<group>"; };
		65C8B85EB127B5DC2ECDEC00 /* Pods-Howdy ImgurUITests.release.xcconfig */ = {isa = PBXFileReference; includeInIndex = 1; lastKnownFileType = text.xcconfig; name = "Pods-Howdy ImgurUITests.release.xcconfig"; path = "Target Support Files/Pods-Howdy ImgurUITests/Pods-Howdy ImgurUITests.release.xcconfig"; sourceTree = "<group>"; };
		7BD5165B6B84E4F7FA65CA2F /* Pods-Howdy ImgurUITests.debug.xcconfig */ = {isa = PBXFileReference; includeInIndex = 1; lastKnownFileType = text.xcconfig; name = "Pods-Howdy ImgurUITests.debug.xcconfig"; path = "Target Support Files/Pods-Howdy ImgurUITests/Pods-Howdy ImgurUITests.debug.xcconfig"; sourceTree = "<group>"; };
		95941CC58F2B8A8A3F42980A /* libPods-Howdy ImgurTests.a */ = {isa = PBXFileReference; explicitFileType = archive.ar; includeInIndex = 0; path = "libPods-Howdy ImgurTests.a"; sourceTree = BUILT_PRODUCTS_DIR; };
		CA70DDD1DC9F69B882108D40 /* Pods-Howdy Imgur.debug.xcconfig */ = {isa = PBXFileReference; includeInIndex = 1; lastKnownFileType = text.xcconfig; name = "Pods-Howdy Imgur.debug.xcconfig"; path = "Target Support Files/Pods-Howdy Imgur/Pods-Howdy Imgur.debug.xcconfig"; sourceTree = "<group>"; };
		E8574C53153B926630B2EF98 /* libPods-Howdy ImgurUITests.a */ = {isa = PBXFileReference; explicitFileType = archive.ar; includeInIndex = 0; path = "libPods-Howdy ImgurUITests.a"; sourceTree = BUILT_PRODUCTS_DIR; };
		F2DC12F6AA27A1C49751755B /* Pods-Howdy Imgur.release.xcconfig */ = {isa = PBXFileReference; includeInIndex = 1; lastKnownFileType = text.xcconfig; name = "Pods-Howdy Imgur.release.xcconfig"; path = "Target Support Files/Pods-Howdy Imgur/Pods-Howdy Imgur.release.xcconfig"; sourceTree = "<group>"; };
		F6C04EEA6E629C1B66C1596D /* Pods-Howdy ImgurTests.release.xcconfig */ = {isa = PBXFileReference; includeInIndex = 1; lastKnownFileType = text.xcconfig; name = "Pods-Howdy ImgurTests.release.xcconfig"; path = "Target Support Files/Pods-Howdy ImgurTests/Pods-Howdy ImgurTests.release.xcconfig"; sourceTree = "<group>"; };
/* End PBXFileReference section */

/* Begin PBXFrameworksBuildPhase section */
		3D11FE20232B7A63003F2414 /* Frameworks */ = {
			isa = PBXFrameworksBuildPhase;
			buildActionMask = 2147483647;
			files = (
				E8812F9183B7D492646EE521 /* libPods-Howdy Imgur.a in Frameworks */,
			);
			runOnlyForDeploymentPostprocessing = 0;
		};
		3D11FE37232B7A64003F2414 /* Frameworks */ = {
			isa = PBXFrameworksBuildPhase;
			buildActionMask = 2147483647;
			files = (
				952149A0E901EBF1890328D1 /* libPods-Howdy ImgurTests.a in Frameworks */,
			);
			runOnlyForDeploymentPostprocessing = 0;
		};
		3D11FE42232B7A64003F2414 /* Frameworks */ = {
			isa = PBXFrameworksBuildPhase;
			buildActionMask = 2147483647;
			files = (
				0FBE48A894C723987B7E4616 /* libPods-Howdy ImgurUITests.a in Frameworks */,
			);
			runOnlyForDeploymentPostprocessing = 0;
		};
/* End PBXFrameworksBuildPhase section */

/* Begin PBXGroup section */
		37019102BD0BD7CB2B863471 /* Pods */ = {
			isa = PBXGroup;
			children = (
				CA70DDD1DC9F69B882108D40 /* Pods-Howdy Imgur.debug.xcconfig */,
				F2DC12F6AA27A1C49751755B /* Pods-Howdy Imgur.release.xcconfig */,
				5931524E63D0CEABD4D6C0DE /* Pods-Howdy ImgurTests.debug.xcconfig */,
				F6C04EEA6E629C1B66C1596D /* Pods-Howdy ImgurTests.release.xcconfig */,
				7BD5165B6B84E4F7FA65CA2F /* Pods-Howdy ImgurUITests.debug.xcconfig */,
				65C8B85EB127B5DC2ECDEC00 /* Pods-Howdy ImgurUITests.release.xcconfig */,
			);
			path = Pods;
			sourceTree = "<group>";
		};
		3D11FE1A232B7A63003F2414 = {
			isa = PBXGroup;
			children = (
				3D11FE25232B7A63003F2414 /* Howdy Imgur */,
				3D11FE3D232B7A64003F2414 /* Howdy ImgurTests */,
				3D11FE48232B7A64003F2414 /* Howdy ImgurUITests */,
				3D11FE24232B7A63003F2414 /* Products */,
				37019102BD0BD7CB2B863471 /* Pods */,
				EBA19BACAA50BA54DEE862B7 /* Frameworks */,
			);
			sourceTree = "<group>";
		};
		3D11FE24232B7A63003F2414 /* Products */ = {
			isa = PBXGroup;
			children = (
				3D11FE23232B7A63003F2414 /* Howdy Imgur.app */,
				3D11FE3A232B7A64003F2414 /* Howdy ImgurTests.xctest */,
				3D11FE45232B7A64003F2414 /* Howdy ImgurUITests.xctest */,
			);
			name = Products;
			sourceTree = "<group>";
		};
		3D11FE25232B7A63003F2414 /* Howdy Imgur */ = {
			isa = PBXGroup;
			children = (
				3D11FE57232B9005003F2414 /* Source */,
				3D11FE58232B901E003F2414 /* Resource */,
			);
			path = "Howdy Imgur";
			sourceTree = "<group>";
		};
		3D11FE3D232B7A64003F2414 /* Howdy ImgurTests */ = {
			isa = PBXGroup;
			children = (
				3D11FE3E232B7A64003F2414 /* Howdy_ImgurTests.swift */,
				3D11FE40232B7A64003F2414 /* Info.plist */,
			);
			path = "Howdy ImgurTests";
			sourceTree = "<group>";
		};
		3D11FE48232B7A64003F2414 /* Howdy ImgurUITests */ = {
			isa = PBXGroup;
			children = (
				3D11FE49232B7A64003F2414 /* Howdy_ImgurUITests.swift */,
				3D11FE4B232B7A64003F2414 /* Info.plist */,
			);
			path = "Howdy ImgurUITests";
			sourceTree = "<group>";
		};
		3D11FE57232B9005003F2414 /* Source */ = {
			isa = PBXGroup;
			children = (
				3D11FE5C232B9098003F2414 /* AppDelegate */,
				3D11FE5D232B90F3003F2414 /* Home */,
				3D11FE5F232B91CD003F2414 /* Backend */,
				3D11FE65232B9CA8003F2414 /* Common */,
			);
			path = Source;
			sourceTree = "<group>";
		};
		3D11FE58232B901E003F2414 /* Resource */ = {
			isa = PBXGroup;
			children = (
				3D11FE35232B7A64003F2414 /* Info.plist */,
				3D11FE8A232C21D0003F2414 /* Font */,
				3D11FE5B232B9073003F2414 /* Coredata */,
				3D11FE5A232B9046003F2414 /* Storyboard */,
				3D11FE59232B903D003F2414 /* Assets */,
			);
			path = Resource;
			sourceTree = "<group>";
		};
		3D11FE59232B903D003F2414 /* Assets */ = {
			isa = PBXGroup;
			children = (
				3D11FE30232B7A64003F2414 /* Assets.xcassets */,
			);
			path = Assets;
			sourceTree = "<group>";
		};
		3D11FE5A232B9046003F2414 /* Storyboard */ = {
			isa = PBXGroup;
			children = (
				3D11FE32232B7A64003F2414 /* LaunchScreen.storyboard */,
				3D11FE2A232B7A63003F2414 /* Home.storyboard */,
			);
			path = Storyboard;
			sourceTree = "<group>";
		};
		3D11FE5B232B9073003F2414 /* Coredata */ = {
			isa = PBXGroup;
			children = (
				3D11FE2D232B7A63003F2414 /* Howdy_Imgur.xcdatamodeld */,
			);
			path = Coredata;
			sourceTree = "<group>";
		};
		3D11FE5C232B9098003F2414 /* AppDelegate */ = {
			isa = PBXGroup;
			children = (
				3D11FE26232B7A63003F2414 /* AppDelegate.swift */,
			);
			path = AppDelegate;
			sourceTree = "<group>";
		};
		3D11FE5D232B90F3003F2414 /* Home */ = {
			isa = PBXGroup;
			children = (
				3D11FEA3232D026E003F2414 /* View */,
				3D11FEA0232CEBD5003F2414 /* Interactor */,
				3D11FE9D232CDCC0003F2414 /* Presenter */,
				3D11FE9A232CD728003F2414 /* Protocols */,
				3D11FE97232CD6F7003F2414 /* Router */,
				3D11FE76232BCDBB003F2414 /* ViewController */,
				3D11FE75232BCD82003F2414 /* Entity */,
			);
			path = Home;
			sourceTree = "<group>";
		};
		3D11FE5F232B91CD003F2414 /* Backend */ = {
			isa = PBXGroup;
			children = (
				3D11FE70232BBC1B003F2414 /* Manager */,
				3D11FE60232B9ADD003F2414 /* Common */,
			);
			path = Backend;
			sourceTree = "<group>";
		};
		3D11FE60232B9ADD003F2414 /* Common */ = {
			isa = PBXGroup;
			children = (
				3D11FE61232B9B9A003F2414 /* Endpoint.swift */,
				3D11FE63232B9C66003F2414 /* HTTPMethod.swift */,
				3D11FE6E232BBB40003F2414 /* APIResponse.swift */,
			);
			path = Common;
			sourceTree = "<group>";
		};
		3D11FE65232B9CA8003F2414 /* Common */ = {
			isa = PBXGroup;
			children = (
				3D11FE85232C18E7003F2414 /* Utils */,
				3D11FE84232C18E0003F2414 /* View */,
				3D11FE69232BA11F003F2414 /* Constants */,
				3D11FE66232B9D42003F2414 /* Extension */,
			);
			path = Common;
			sourceTree = "<group>";
		};
		3D11FE66232B9D42003F2414 /* Extension */ = {
			isa = PBXGroup;
			children = (
				3D11FE67232B9D67003F2414 /* URLRequest.swift */,
				3D11FE88232C1ACE003F2414 /* UITextField.swift */,
				3D11FE8D232CB54B003F2414 /* UIView.swift */,
				3D11FE8F232CC0D6003F2414 /* UIStoryboard.swift */,
				3D11FE91232CC520003F2414 /* UIViewController.swift */,
				3D11FEA6232D0905003F2414 /* UITableViewCell.swift */,
				3D11FEAC232DE1E4003F2414 /* Double.swift */,
			);
			path = Extension;
			sourceTree = "<group>";
		};
		3D11FE69232BA11F003F2414 /* Constants */ = {
			isa = PBXGroup;
			children = (
				3D11FE6A232BA1A4003F2414 /* ImgurConstants.swift */,
			);
			path = Constants;
			sourceTree = "<group>";
		};
		3D11FE70232BBC1B003F2414 /* Manager */ = {
			isa = PBXGroup;
			children = (
				3D11FE71232BBC4A003F2414 /* BaseAPIManager.swift */,
				3D11FE73232BCAB2003F2414 /* ImgurAPIManager.swift */,
			);
			path = Manager;
			sourceTree = "<group>";
		};
		3D11FE75232BCD82003F2414 /* Entity */ = {
			isa = PBXGroup;
			children = (
				3D11FE77232BCDD5003F2414 /* Gallery.swift */,
				3D11FE79232BE5C2003F2414 /* Image.swift */,
				3D11FE7B232BE6B1003F2414 /* Tags.swift */,
			);
			path = Entity;
			sourceTree = "<group>";
		};
		3D11FE76232BCDBB003F2414 /* ViewController */ = {
			isa = PBXGroup;
			children = (
				3D11FE82232C108A003F2414 /* HomeViewController.swift */,
			);
			path = ViewController;
			sourceTree = "<group>";
		};
		3D11FE84232C18E0003F2414 /* View */ = {
			isa = PBXGroup;
			children = (
				3D11FE86232C1962003F2414 /* ShadowView.swift */,
			);
			path = View;
			sourceTree = "<group>";
		};
		3D11FE85232C18E7003F2414 /* Utils */ = {
			isa = PBXGroup;
			children = (
			);
			path = Utils;
			sourceTree = "<group>";
		};
		3D11FE8A232C21D0003F2414 /* Font */ = {
			isa = PBXGroup;
			children = (
				3D11FE8B232C21EE003F2414 /* lato */,
			);
			path = Font;
			sourceTree = "<group>";
		};
		3D11FE97232CD6F7003F2414 /* Router */ = {
			isa = PBXGroup;
			children = (
				3D11FE98232CD71A003F2414 /* HomeViewRouter.swift */,
			);
			path = Router;
			sourceTree = "<group>";
		};
		3D11FE9A232CD728003F2414 /* Protocols */ = {
			isa = PBXGroup;
			children = (
				3D11FE9B232CD74F003F2414 /* HomeViewProtocols.swift */,
			);
			path = Protocols;
			sourceTree = "<group>";
		};
		3D11FE9D232CDCC0003F2414 /* Presenter */ = {
			isa = PBXGroup;
			children = (
				3D11FE9E232CDCE3003F2414 /* HomeViewPresenter.swift */,
			);
			path = Presenter;
			sourceTree = "<group>";
		};
		3D11FEA0232CEBD5003F2414 /* Interactor */ = {
			isa = PBXGroup;
			children = (
				3D11FEA1232CEBF7003F2414 /* HomeViewInteractor.swift */,
			);
			path = Interactor;
			sourceTree = "<group>";
		};
		3D11FEA3232D026E003F2414 /* View */ = {
			isa = PBXGroup;
			children = (
				3D11FEA4232D02BB003F2414 /* GalleryImageTableViewCell.swift */,
			);
			path = View;
			sourceTree = "<group>";
		};
		EBA19BACAA50BA54DEE862B7 /* Frameworks */ = {
			isa = PBXGroup;
			children = (
				569CA651F600F4134D58A715 /* libPods-Howdy Imgur.a */,
				95941CC58F2B8A8A3F42980A /* libPods-Howdy ImgurTests.a */,
				E8574C53153B926630B2EF98 /* libPods-Howdy ImgurUITests.a */,
			);
			name = Frameworks;
			sourceTree = "<group>";
		};
/* End PBXGroup section */

/* Begin PBXNativeTarget section */
		3D11FE22232B7A63003F2414 /* Howdy Imgur */ = {
			isa = PBXNativeTarget;
			buildConfigurationList = 3D11FE4E232B7A64003F2414 /* Build configuration list for PBXNativeTarget "Howdy Imgur" */;
			buildPhases = (
				62617E844630FC37AEE42B6F /* [CP] Check Pods Manifest.lock */,
				3D11FE1F232B7A63003F2414 /* Sources */,
				3D11FE20232B7A63003F2414 /* Frameworks */,
				3D11FE21232B7A63003F2414 /* Resources */,
			);
			buildRules = (
			);
			dependencies = (
			);
			name = "Howdy Imgur";
			productName = "Howdy Imgur";
			productReference = 3D11FE23232B7A63003F2414 /* Howdy Imgur.app */;
			productType = "com.apple.product-type.application";
		};
		3D11FE39232B7A64003F2414 /* Howdy ImgurTests */ = {
			isa = PBXNativeTarget;
			buildConfigurationList = 3D11FE51232B7A64003F2414 /* Build configuration list for PBXNativeTarget "Howdy ImgurTests" */;
			buildPhases = (
				23407406DB12073B03C7EDD9 /* [CP] Check Pods Manifest.lock */,
				3D11FE36232B7A64003F2414 /* Sources */,
				3D11FE37232B7A64003F2414 /* Frameworks */,
				3D11FE38232B7A64003F2414 /* Resources */,
			);
			buildRules = (
			);
			dependencies = (
				3D11FE3C232B7A64003F2414 /* PBXTargetDependency */,
			);
			name = "Howdy ImgurTests";
			productName = "Howdy ImgurTests";
			productReference = 3D11FE3A232B7A64003F2414 /* Howdy ImgurTests.xctest */;
			productType = "com.apple.product-type.bundle.unit-test";
		};
		3D11FE44232B7A64003F2414 /* Howdy ImgurUITests */ = {
			isa = PBXNativeTarget;
			buildConfigurationList = 3D11FE54232B7A64003F2414 /* Build configuration list for PBXNativeTarget "Howdy ImgurUITests" */;
			buildPhases = (
				CFC0CBEDB1582D7A2ABCA561 /* [CP] Check Pods Manifest.lock */,
				3D11FE41232B7A64003F2414 /* Sources */,
				3D11FE42232B7A64003F2414 /* Frameworks */,
				3D11FE43232B7A64003F2414 /* Resources */,
			);
			buildRules = (
			);
			dependencies = (
				3D11FE47232B7A64003F2414 /* PBXTargetDependency */,
			);
			name = "Howdy ImgurUITests";
			productName = "Howdy ImgurUITests";
			productReference = 3D11FE45232B7A64003F2414 /* Howdy ImgurUITests.xctest */;
			productType = "com.apple.product-type.bundle.ui-testing";
		};
/* End PBXNativeTarget section */

/* Begin PBXProject section */
		3D11FE1B232B7A63003F2414 /* Project object */ = {
			isa = PBXProject;
			attributes = {
				LastSwiftUpdateCheck = 1030;
				LastUpgradeCheck = 1030;
				ORGANIZATIONNAME = "Pranil V P";
				TargetAttributes = {
					3D11FE22232B7A63003F2414 = {
						CreatedOnToolsVersion = 10.3;
					};
					3D11FE39232B7A64003F2414 = {
						CreatedOnToolsVersion = 10.3;
						TestTargetID = 3D11FE22232B7A63003F2414;
					};
					3D11FE44232B7A64003F2414 = {
						CreatedOnToolsVersion = 10.3;
						TestTargetID = 3D11FE22232B7A63003F2414;
					};
				};
			};
			buildConfigurationList = 3D11FE1E232B7A63003F2414 /* Build configuration list for PBXProject "Howdy Imgur" */;
			compatibilityVersion = "Xcode 9.3";
			developmentRegion = en;
			hasScannedForEncodings = 0;
			knownRegions = (
				en,
				Base,
			);
			mainGroup = 3D11FE1A232B7A63003F2414;
			productRefGroup = 3D11FE24232B7A63003F2414 /* Products */;
			projectDirPath = "";
			projectRoot = "";
			targets = (
				3D11FE22232B7A63003F2414 /* Howdy Imgur */,
				3D11FE39232B7A64003F2414 /* Howdy ImgurTests */,
				3D11FE44232B7A64003F2414 /* Howdy ImgurUITests */,
			);
		};
/* End PBXProject section */

/* Begin PBXResourcesBuildPhase section */
		3D11FE21232B7A63003F2414 /* Resources */ = {
			isa = PBXResourcesBuildPhase;
			buildActionMask = 2147483647;
			files = (
				3D11FE8C232C21EE003F2414 /* lato in Resources */,
				3D11FE34232B7A64003F2414 /* LaunchScreen.storyboard in Resources */,
				3D11FE31232B7A64003F2414 /* Assets.xcassets in Resources */,
				3D11FE2C232B7A63003F2414 /* Home.storyboard in Resources */,
			);
			runOnlyForDeploymentPostprocessing = 0;
		};
		3D11FE38232B7A64003F2414 /* Resources */ = {
			isa = PBXResourcesBuildPhase;
			buildActionMask = 2147483647;
			files = (
			);
			runOnlyForDeploymentPostprocessing = 0;
		};
		3D11FE43232B7A64003F2414 /* Resources */ = {
			isa = PBXResourcesBuildPhase;
			buildActionMask = 2147483647;
			files = (
			);
			runOnlyForDeploymentPostprocessing = 0;
		};
/* End PBXResourcesBuildPhase section */

/* Begin PBXShellScriptBuildPhase section */
		23407406DB12073B03C7EDD9 /* [CP] Check Pods Manifest.lock */ = {
			isa = PBXShellScriptBuildPhase;
			buildActionMask = 2147483647;
			files = (
			);
			inputFileListPaths = (
			);
			inputPaths = (
				"${PODS_PODFILE_DIR_PATH}/Podfile.lock",
				"${PODS_ROOT}/Manifest.lock",
			);
			name = "[CP] Check Pods Manifest.lock";
			outputFileListPaths = (
			);
			outputPaths = (
				"$(DERIVED_FILE_DIR)/Pods-Howdy ImgurTests-checkManifestLockResult.txt",
			);
			runOnlyForDeploymentPostprocessing = 0;
			shellPath = /bin/sh;
			shellScript = "diff \"${PODS_PODFILE_DIR_PATH}/Podfile.lock\" \"${PODS_ROOT}/Manifest.lock\" > /dev/null\nif [ $? != 0 ] ; then\n    # print error to STDERR\n    echo \"error: The sandbox is not in sync with the Podfile.lock. Run 'pod install' or update your CocoaPods installation.\" >&2\n    exit 1\nfi\n# This output is used by Xcode 'outputs' to avoid re-running this script phase.\necho \"SUCCESS\" > \"${SCRIPT_OUTPUT_FILE_0}\"\n";
			showEnvVarsInLog = 0;
		};
		62617E844630FC37AEE42B6F /* [CP] Check Pods Manifest.lock */ = {
			isa = PBXShellScriptBuildPhase;
			buildActionMask = 2147483647;
			files = (
			);
			inputFileListPaths = (
			);
			inputPaths = (
				"${PODS_PODFILE_DIR_PATH}/Podfile.lock",
				"${PODS_ROOT}/Manifest.lock",
			);
			name = "[CP] Check Pods Manifest.lock";
			outputFileListPaths = (
			);
			outputPaths = (
				"$(DERIVED_FILE_DIR)/Pods-Howdy Imgur-checkManifestLockResult.txt",
			);
			runOnlyForDeploymentPostprocessing = 0;
			shellPath = /bin/sh;
			shellScript = "diff \"${PODS_PODFILE_DIR_PATH}/Podfile.lock\" \"${PODS_ROOT}/Manifest.lock\" > /dev/null\nif [ $? != 0 ] ; then\n    # print error to STDERR\n    echo \"error: The sandbox is not in sync with the Podfile.lock. Run 'pod install' or update your CocoaPods installation.\" >&2\n    exit 1\nfi\n# This output is used by Xcode 'outputs' to avoid re-running this script phase.\necho \"SUCCESS\" > \"${SCRIPT_OUTPUT_FILE_0}\"\n";
			showEnvVarsInLog = 0;
		};
		CFC0CBEDB1582D7A2ABCA561 /* [CP] Check Pods Manifest.lock */ = {
			isa = PBXShellScriptBuildPhase;
			buildActionMask = 2147483647;
			files = (
			);
			inputFileListPaths = (
			);
			inputPaths = (
				"${PODS_PODFILE_DIR_PATH}/Podfile.lock",
				"${PODS_ROOT}/Manifest.lock",
			);
			name = "[CP] Check Pods Manifest.lock";
			outputFileListPaths = (
			);
			outputPaths = (
				"$(DERIVED_FILE_DIR)/Pods-Howdy ImgurUITests-checkManifestLockResult.txt",
			);
			runOnlyForDeploymentPostprocessing = 0;
			shellPath = /bin/sh;
			shellScript = "diff \"${PODS_PODFILE_DIR_PATH}/Podfile.lock\" \"${PODS_ROOT}/Manifest.lock\" > /dev/null\nif [ $? != 0 ] ; then\n    # print error to STDERR\n    echo \"error: The sandbox is not in sync with the Podfile.lock. Run 'pod install' or update your CocoaPods installation.\" >&2\n    exit 1\nfi\n# This output is used by Xcode 'outputs' to avoid re-running this script phase.\necho \"SUCCESS\" > \"${SCRIPT_OUTPUT_FILE_0}\"\n";
			showEnvVarsInLog = 0;
		};
/* End PBXShellScriptBuildPhase section */

/* Begin PBXSourcesBuildPhase section */
		3D11FE1F232B7A63003F2414 /* Sources */ = {
			isa = PBXSourcesBuildPhase;
			buildActionMask = 2147483647;
			files = (
				3D11FE99232CD71A003F2414 /* HomeViewRouter.swift in Sources */,
				3D11FEA2232CEBF7003F2414 /* HomeViewInteractor.swift in Sources */,
				3D11FE7A232BE5C2003F2414 /* Image.swift in Sources */,
				3D11FE74232BCAB2003F2414 /* ImgurAPIManager.swift in Sources */,
				3D11FE92232CC520003F2414 /* UIViewController.swift in Sources */,
				3D11FE89232C1ACE003F2414 /* UITextField.swift in Sources */,
				3D11FE9F232CDCE3003F2414 /* HomeViewPresenter.swift in Sources */,
				3D11FEA5232D02BB003F2414 /* GalleryImageTableViewCell.swift in Sources */,
				3D11FEAD232DE1E4003F2414 /* Double.swift in Sources */,
				3D11FE27232B7A63003F2414 /* AppDelegate.swift in Sources */,
				3D11FEA7232D0905003F2414 /* UITableViewCell.swift in Sources */,
				3D11FE6B232BA1A4003F2414 /* ImgurConstants.swift in Sources */,
				3D11FE90232CC0D6003F2414 /* UIStoryboard.swift in Sources */,
				3D11FE83232C108A003F2414 /* HomeViewController.swift in Sources */,
				3D11FE62232B9B9A003F2414 /* Endpoint.swift in Sources */,
				3D11FE78232BCDD5003F2414 /* Gallery.swift in Sources */,
				3D11FE68232B9D67003F2414 /* URLRequest.swift in Sources */,
				3D11FE87232C1962003F2414 /* ShadowView.swift in Sources */,
				3D11FE6F232BBB40003F2414 /* APIResponse.swift in Sources */,
				3D11FE64232B9C66003F2414 /* HTTPMethod.swift in Sources */,
				3D11FE8E232CB54B003F2414 /* UIView.swift in Sources */,
				3D11FE72232BBC4A003F2414 /* BaseAPIManager.swift in Sources */,
				3D11FE9C232CD74F003F2414 /* HomeViewProtocols.swift in Sources */,
				3D11FE2F232B7A63003F2414 /* Howdy_Imgur.xcdatamodeld in Sources */,
				3D11FE7C232BE6B1003F2414 /* Tags.swift in Sources */,
			);
			runOnlyForDeploymentPostprocessing = 0;
		};
		3D11FE36232B7A64003F2414 /* Sources */ = {
			isa = PBXSourcesBuildPhase;
			buildActionMask = 2147483647;
			files = (
				3D11FE3F232B7A64003F2414 /* Howdy_ImgurTests.swift in Sources */,
			);
			runOnlyForDeploymentPostprocessing = 0;
		};
		3D11FE41232B7A64003F2414 /* Sources */ = {
			isa = PBXSourcesBuildPhase;
			buildActionMask = 2147483647;
			files = (
				3D11FE4A232B7A64003F2414 /* Howdy_ImgurUITests.swift in Sources */,
			);
			runOnlyForDeploymentPostprocessing = 0;
		};
/* End PBXSourcesBuildPhase section */

/* Begin PBXTargetDependency section */
		3D11FE3C232B7A64003F2414 /* PBXTargetDependency */ = {
			isa = PBXTargetDependency;
			target = 3D11FE22232B7A63003F2414 /* Howdy Imgur */;
			targetProxy = 3D11FE3B232B7A64003F2414 /* PBXContainerItemProxy */;
		};
		3D11FE47232B7A64003F2414 /* PBXTargetDependency */ = {
			isa = PBXTargetDependency;
			target = 3D11FE22232B7A63003F2414 /* Howdy Imgur */;
			targetProxy = 3D11FE46232B7A64003F2414 /* PBXContainerItemProxy */;
		};
/* End PBXTargetDependency section */

/* Begin PBXVariantGroup section */
		3D11FE2A232B7A63003F2414 /* Home.storyboard */ = {
			isa = PBXVariantGroup;
			children = (
				3D11FE2B232B7A63003F2414 /* Base */,
			);
			name = Home.storyboard;
			sourceTree = "<group>";
		};
		3D11FE32232B7A64003F2414 /* LaunchScreen.storyboard */ = {
			isa = PBXVariantGroup;
			children = (
				3D11FE33232B7A64003F2414 /* Base */,
			);
			name = LaunchScreen.storyboard;
			sourceTree = "<group>";
		};
/* End PBXVariantGroup section */

/* Begin XCBuildConfiguration section */
		3D11FE4C232B7A64003F2414 /* Debug */ = {
			isa = XCBuildConfiguration;
			buildSettings = {
				ALWAYS_SEARCH_USER_PATHS = NO;
				CLANG_ANALYZER_NONNULL = YES;
				CLANG_ANALYZER_NUMBER_OBJECT_CONVERSION = YES_AGGRESSIVE;
				CLANG_CXX_LANGUAGE_STANDARD = "gnu++14";
				CLANG_CXX_LIBRARY = "libc++";
				CLANG_ENABLE_MODULES = YES;
				CLANG_ENABLE_OBJC_ARC = YES;
				CLANG_ENABLE_OBJC_WEAK = YES;
				CLANG_WARN_BLOCK_CAPTURE_AUTORELEASING = YES;
				CLANG_WARN_BOOL_CONVERSION = YES;
				CLANG_WARN_COMMA = YES;
				CLANG_WARN_CONSTANT_CONVERSION = YES;
				CLANG_WARN_DEPRECATED_OBJC_IMPLEMENTATIONS = YES;
				CLANG_WARN_DIRECT_OBJC_ISA_USAGE = YES_ERROR;
				CLANG_WARN_DOCUMENTATION_COMMENTS = YES;
				CLANG_WARN_EMPTY_BODY = YES;
				CLANG_WARN_ENUM_CONVERSION = YES;
				CLANG_WARN_INFINITE_RECURSION = YES;
				CLANG_WARN_INT_CONVERSION = YES;
				CLANG_WARN_NON_LITERAL_NULL_CONVERSION = YES;
				CLANG_WARN_OBJC_IMPLICIT_RETAIN_SELF = YES;
				CLANG_WARN_OBJC_LITERAL_CONVERSION = YES;
				CLANG_WARN_OBJC_ROOT_CLASS = YES_ERROR;
				CLANG_WARN_RANGE_LOOP_ANALYSIS = YES;
				CLANG_WARN_STRICT_PROTOTYPES = YES;
				CLANG_WARN_SUSPICIOUS_MOVE = YES;
				CLANG_WARN_UNGUARDED_AVAILABILITY = YES_AGGRESSIVE;
				CLANG_WARN_UNREACHABLE_CODE = YES;
				CLANG_WARN__DUPLICATE_METHOD_MATCH = YES;
				CODE_SIGN_IDENTITY = "iPhone Developer";
				COPY_PHASE_STRIP = NO;
				DEBUG_INFORMATION_FORMAT = dwarf;
				ENABLE_STRICT_OBJC_MSGSEND = YES;
				ENABLE_TESTABILITY = YES;
				GCC_C_LANGUAGE_STANDARD = gnu11;
				GCC_DYNAMIC_NO_PIC = NO;
				GCC_NO_COMMON_BLOCKS = YES;
				GCC_OPTIMIZATION_LEVEL = 0;
				GCC_PREPROCESSOR_DEFINITIONS = (
					"DEBUG=1",
					"$(inherited)",
				);
				GCC_WARN_64_TO_32_BIT_CONVERSION = YES;
				GCC_WARN_ABOUT_RETURN_TYPE = YES_ERROR;
				GCC_WARN_UNDECLARED_SELECTOR = YES;
				GCC_WARN_UNINITIALIZED_AUTOS = YES_AGGRESSIVE;
				GCC_WARN_UNUSED_FUNCTION = YES;
				GCC_WARN_UNUSED_VARIABLE = YES;
				IPHONEOS_DEPLOYMENT_TARGET = 12.4;
				MTL_ENABLE_DEBUG_INFO = INCLUDE_SOURCE;
				MTL_FAST_MATH = YES;
				ONLY_ACTIVE_ARCH = YES;
				SDKROOT = iphoneos;
				SWIFT_ACTIVE_COMPILATION_CONDITIONS = DEBUG;
				SWIFT_OPTIMIZATION_LEVEL = "-Onone";
			};
			name = Debug;
		};
		3D11FE4D232B7A64003F2414 /* Release */ = {
			isa = XCBuildConfiguration;
			buildSettings = {
				ALWAYS_SEARCH_USER_PATHS = NO;
				CLANG_ANALYZER_NONNULL = YES;
				CLANG_ANALYZER_NUMBER_OBJECT_CONVERSION = YES_AGGRESSIVE;
				CLANG_CXX_LANGUAGE_STANDARD = "gnu++14";
				CLANG_CXX_LIBRARY = "libc++";
				CLANG_ENABLE_MODULES = YES;
				CLANG_ENABLE_OBJC_ARC = YES;
				CLANG_ENABLE_OBJC_WEAK = YES;
				CLANG_WARN_BLOCK_CAPTURE_AUTORELEASING = YES;
				CLANG_WARN_BOOL_CONVERSION = YES;
				CLANG_WARN_COMMA = YES;
				CLANG_WARN_CONSTANT_CONVERSION = YES;
				CLANG_WARN_DEPRECATED_OBJC_IMPLEMENTATIONS = YES;
				CLANG_WARN_DIRECT_OBJC_ISA_USAGE = YES_ERROR;
				CLANG_WARN_DOCUMENTATION_COMMENTS = YES;
				CLANG_WARN_EMPTY_BODY = YES;
				CLANG_WARN_ENUM_CONVERSION = YES;
				CLANG_WARN_INFINITE_RECURSION = YES;
				CLANG_WARN_INT_CONVERSION = YES;
				CLANG_WARN_NON_LITERAL_NULL_CONVERSION = YES;
				CLANG_WARN_OBJC_IMPLICIT_RETAIN_SELF = YES;
				CLANG_WARN_OBJC_LITERAL_CONVERSION = YES;
				CLANG_WARN_OBJC_ROOT_CLASS = YES_ERROR;
				CLANG_WARN_RANGE_LOOP_ANALYSIS = YES;
				CLANG_WARN_STRICT_PROTOTYPES = YES;
				CLANG_WARN_SUSPICIOUS_MOVE = YES;
				CLANG_WARN_UNGUARDED_AVAILABILITY = YES_AGGRESSIVE;
				CLANG_WARN_UNREACHABLE_CODE = YES;
				CLANG_WARN__DUPLICATE_METHOD_MATCH = YES;
				CODE_SIGN_IDENTITY = "iPhone Developer";
				COPY_PHASE_STRIP = NO;
				DEBUG_INFORMATION_FORMAT = "dwarf-with-dsym";
				ENABLE_NS_ASSERTIONS = NO;
				ENABLE_STRICT_OBJC_MSGSEND = YES;
				GCC_C_LANGUAGE_STANDARD = gnu11;
				GCC_NO_COMMON_BLOCKS = YES;
				GCC_WARN_64_TO_32_BIT_CONVERSION = YES;
				GCC_WARN_ABOUT_RETURN_TYPE = YES_ERROR;
				GCC_WARN_UNDECLARED_SELECTOR = YES;
				GCC_WARN_UNINITIALIZED_AUTOS = YES_AGGRESSIVE;
				GCC_WARN_UNUSED_FUNCTION = YES;
				GCC_WARN_UNUSED_VARIABLE = YES;
				IPHONEOS_DEPLOYMENT_TARGET = 12.4;
				MTL_ENABLE_DEBUG_INFO = NO;
				MTL_FAST_MATH = YES;
				SDKROOT = iphoneos;
				SWIFT_COMPILATION_MODE = wholemodule;
				SWIFT_OPTIMIZATION_LEVEL = "-O";
				VALIDATE_PRODUCT = YES;
			};
			name = Release;
		};
		3D11FE4F232B7A64003F2414 /* Debug */ = {
			isa = XCBuildConfiguration;
			baseConfigurationReference = CA70DDD1DC9F69B882108D40 /* Pods-Howdy Imgur.debug.xcconfig */;
			buildSettings = {
				ASSETCATALOG_COMPILER_APPICON_NAME = AppIcon;
				CODE_SIGN_STYLE = Automatic;
				DEVELOPMENT_TEAM = 4VKLBUZ9CT;
				INFOPLIST_FILE = "$(SRCROOT)/Howdy Imgur/Resource/Info.plist";
				LD_RUNPATH_SEARCH_PATHS = (
					"$(inherited)",
					"@executable_path/Frameworks",
				);
				PRODUCT_BUNDLE_IDENTIFIER = "com.attra.Howdy-Imgur";
				PRODUCT_NAME = "$(TARGET_NAME)";
				SWIFT_VERSION = 5.0;
				TARGETED_DEVICE_FAMILY = "1,2";
			};
			name = Debug;
		};
		3D11FE50232B7A64003F2414 /* Release */ = {
			isa = XCBuildConfiguration;
			baseConfigurationReference = F2DC12F6AA27A1C49751755B /* Pods-Howdy Imgur.release.xcconfig */;
			buildSettings = {
				ASSETCATALOG_COMPILER_APPICON_NAME = AppIcon;
				CODE_SIGN_STYLE = Automatic;
				DEVELOPMENT_TEAM = 4VKLBUZ9CT;
				INFOPLIST_FILE = "$(SRCROOT)/Howdy Imgur/Resource/Info.plist";
				LD_RUNPATH_SEARCH_PATHS = (
					"$(inherited)",
					"@executable_path/Frameworks",
				);
				PRODUCT_BUNDLE_IDENTIFIER = "com.attra.Howdy-Imgur";
				PRODUCT_NAME = "$(TARGET_NAME)";
				SWIFT_VERSION = 5.0;
				TARGETED_DEVICE_FAMILY = "1,2";
			};
			name = Release;
		};
		3D11FE52232B7A64003F2414 /* Debug */ = {
			isa = XCBuildConfiguration;
			baseConfigurationReference = 5931524E63D0CEABD4D6C0DE /* Pods-Howdy ImgurTests.debug.xcconfig */;
			buildSettings = {
				ALWAYS_EMBED_SWIFT_STANDARD_LIBRARIES = YES;
				BUNDLE_LOADER = "$(TEST_HOST)";
				CODE_SIGN_STYLE = Automatic;
				DEVELOPMENT_TEAM = 4VKLBUZ9CT;
				INFOPLIST_FILE = "Howdy ImgurTests/Info.plist";
				LD_RUNPATH_SEARCH_PATHS = (
					"$(inherited)",
					"@executable_path/Frameworks",
					"@loader_path/Frameworks",
				);
				PRODUCT_BUNDLE_IDENTIFIER = "com.attra.Howdy-ImgurTests";
				PRODUCT_NAME = "$(TARGET_NAME)";
				SWIFT_VERSION = 5.0;
				TARGETED_DEVICE_FAMILY = "1,2";
				TEST_HOST = "$(BUILT_PRODUCTS_DIR)/Howdy Imgur.app/Howdy Imgur";
			};
			name = Debug;
		};
		3D11FE53232B7A64003F2414 /* Release */ = {
			isa = XCBuildConfiguration;
			baseConfigurationReference = F6C04EEA6E629C1B66C1596D /* Pods-Howdy ImgurTests.release.xcconfig */;
			buildSettings = {
				ALWAYS_EMBED_SWIFT_STANDARD_LIBRARIES = YES;
				BUNDLE_LOADER = "$(TEST_HOST)";
				CODE_SIGN_STYLE = Automatic;
				DEVELOPMENT_TEAM = 4VKLBUZ9CT;
				INFOPLIST_FILE = "Howdy ImgurTests/Info.plist";
				LD_RUNPATH_SEARCH_PATHS = (
					"$(inherited)",
					"@executable_path/Frameworks",
					"@loader_path/Frameworks",
				);
				PRODUCT_BUNDLE_IDENTIFIER = "com.attra.Howdy-ImgurTests";
				PRODUCT_NAME = "$(TARGET_NAME)";
				SWIFT_VERSION = 5.0;
				TARGETED_DEVICE_FAMILY = "1,2";
				TEST_HOST = "$(BUILT_PRODUCTS_DIR)/Howdy Imgur.app/Howdy Imgur";
			};
			name = Release;
		};
		3D11FE55232B7A64003F2414 /* Debug */ = {
			isa = XCBuildConfiguration;
			baseConfigurationReference = 7BD5165B6B84E4F7FA65CA2F /* Pods-Howdy ImgurUITests.debug.xcconfig */;
			buildSettings = {
				ALWAYS_EMBED_SWIFT_STANDARD_LIBRARIES = YES;
				CODE_SIGN_STYLE = Automatic;
				DEVELOPMENT_TEAM = 4VKLBUZ9CT;
				INFOPLIST_FILE = "Howdy ImgurUITests/Info.plist";
				LD_RUNPATH_SEARCH_PATHS = (
					"$(inherited)",
					"@executable_path/Frameworks",
					"@loader_path/Frameworks",
				);
				PRODUCT_BUNDLE_IDENTIFIER = "com.attra.Howdy-ImgurUITests";
				PRODUCT_NAME = "$(TARGET_NAME)";
				SWIFT_VERSION = 5.0;
				TARGETED_DEVICE_FAMILY = "1,2";
				TEST_TARGET_NAME = "Howdy Imgur";
			};
			name = Debug;
		};
		3D11FE56232B7A64003F2414 /* Release */ = {
			isa = XCBuildConfiguration;
			baseConfigurationReference = 65C8B85EB127B5DC2ECDEC00 /* Pods-Howdy ImgurUITests.release.xcconfig */;
			buildSettings = {
				ALWAYS_EMBED_SWIFT_STANDARD_LIBRARIES = YES;
				CODE_SIGN_STYLE = Automatic;
				DEVELOPMENT_TEAM = 4VKLBUZ9CT;
				INFOPLIST_FILE = "Howdy ImgurUITests/Info.plist";
				LD_RUNPATH_SEARCH_PATHS = (
					"$(inherited)",
					"@executable_path/Frameworks",
					"@loader_path/Frameworks",
				);
				PRODUCT_BUNDLE_IDENTIFIER = "com.attra.Howdy-ImgurUITests";
				PRODUCT_NAME = "$(TARGET_NAME)";
				SWIFT_VERSION = 5.0;
				TARGETED_DEVICE_FAMILY = "1,2";
				TEST_TARGET_NAME = "Howdy Imgur";
			};
			name = Release;
		};
/* End XCBuildConfiguration section */

/* Begin XCConfigurationList section */
		3D11FE1E232B7A63003F2414 /* Build configuration list for PBXProject "Howdy Imgur" */ = {
			isa = XCConfigurationList;
			buildConfigurations = (
				3D11FE4C232B7A64003F2414 /* Debug */,
				3D11FE4D232B7A64003F2414 /* Release */,
			);
			defaultConfigurationIsVisible = 0;
			defaultConfigurationName = Release;
		};
		3D11FE4E232B7A64003F2414 /* Build configuration list for PBXNativeTarget "Howdy Imgur" */ = {
			isa = XCConfigurationList;
			buildConfigurations = (
				3D11FE4F232B7A64003F2414 /* Debug */,
				3D11FE50232B7A64003F2414 /* Release */,
			);
			defaultConfigurationIsVisible = 0;
			defaultConfigurationName = Release;
		};
		3D11FE51232B7A64003F2414 /* Build configuration list for PBXNativeTarget "Howdy ImgurTests" */ = {
			isa = XCConfigurationList;
			buildConfigurations = (
				3D11FE52232B7A64003F2414 /* Debug */,
				3D11FE53232B7A64003F2414 /* Release */,
			);
			defaultConfigurationIsVisible = 0;
			defaultConfigurationName = Release;
		};
		3D11FE54232B7A64003F2414 /* Build configuration list for PBXNativeTarget "Howdy ImgurUITests" */ = {
			isa = XCConfigurationList;
			buildConfigurations = (
				3D11FE55232B7A64003F2414 /* Debug */,
				3D11FE56232B7A64003F2414 /* Release */,
			);
			defaultConfigurationIsVisible = 0;
			defaultConfigurationName = Release;
		};
/* End XCConfigurationList section */

/* Begin XCVersionGroup section */
		3D11FE2D232B7A63003F2414 /* Howdy_Imgur.xcdatamodeld */ = {
			isa = XCVersionGroup;
			children = (
				3D11FE2E232B7A63003F2414 /* Howdy_Imgur.xcdatamodel */,
			);
			currentVersion = 3D11FE2E232B7A63003F2414 /* Howdy_Imgur.xcdatamodel */;
			path = Howdy_Imgur.xcdatamodeld;
			sourceTree = "<group>";
			versionGroupType = wrapper.xcdatamodel;
		};
/* End XCVersionGroup section */
	};
	rootObject = 3D11FE1B232B7A63003F2414 /* Project object */;
}
